
Microsoft Visual Studio Solution File, Format Version 12.00
# Visual Studio Version 16
VisualStudioVersion = 16.0.29215.179
MinimumVisualStudioVersion = 10.0.40219.1
Project("{9A19103F-16F7-4668-BE54-9A1E7A4F7556}") = "Domain", "Domain\Domain.csproj", "{D5D72001-6B8A-4F55-8DEA-4352FC9E9A5B}"
EndProject
Project("{9A19103F-16F7-4668-BE54-9A1E7A4F7556}") = "Server", "Server\Server.csproj", "{12EFC905-5407-42F8-91B1-81BC8B27B037}"
EndProject
Project("{FAE04EC0-301F-11D3-BF4B-00C04F79EFBC}") = "Shared", "Shared\Shared.csproj", "{0232FA9F-A08B-4862-A025-D14B5D695DCF}"
EndProject
Global
	GlobalSection(SolutionConfigurationPlatforms) = preSolution
		Debug|Any CPU = Debug|Any CPU
		Release|Any CPU = Release|Any CPU
	EndGlobalSection
	GlobalSection(ProjectConfigurationPlatforms) = postSolution
		{D5D72001-6B8A-4F55-8DEA-4352FC9E9A5B}.Debug|Any CPU.ActiveCfg = Debug|Any CPU
		{D5D72001-6B8A-4F55-8DEA-4352FC9E9A5B}.Debug|Any CPU.Build.0 = Debug|Any CPU
		{D5D72001-6B8A-4F55-8DEA-4352FC9E9A5B}.Release|Any CPU.ActiveCfg = Release|Any CPU
		{D5D72001-6B8A-4F55-8DEA-4352FC9E9A5B}.Release|Any CPU.Build.0 = Release|Any CPU
		{12EFC905-5407-42F8-91B1-81BC8B27B037}.Debug|Any CPU.ActiveCfg = Debug|Any CPU
		{12EFC905-5407-42F8-91B1-81BC8B27B037}.Debug|Any CPU.Build.0 = Debug|Any CPU
		{12EFC905-5407-42F8-91B1-81BC8B27B037}.Release|Any CPU.ActiveCfg = Release|Any CPU
		{12EFC905-5407-42F8-91B1-81BC8B27B037}.Release|Any CPU.Build.0 = Release|Any CPU
		{0232FA9F-A08B-4862-A025-D14B5D695DCF}.Debug|Any CPU.ActiveCfg = Debug|Any CPU
		{0232FA9F-A08B-4862-A025-D14B5D695DCF}.Debug|Any CPU.Build.0 = Debug|Any CPU
		{0232FA9F-A08B-4862-A025-D14B5D695DCF}.Release|Any CPU.ActiveCfg = Release|Any CPU
		{0232FA9F-A08B-4862-A025-D14B5D695DCF}.Release|Any CPU.Build.0 = Release|Any CPU
	EndGlobalSection
	GlobalSection(SolutionProperties) = preSolution
		HideSolutionNode = FALSE
	EndGlobalSection
	GlobalSection(ExtensibilityGlobals) = postSolution
		SolutionGuid = {2213F388-60AF-4F8E-9557-BFBF1F5325E1}
	EndGlobalSection
EndGlobal
